
Microsoft Visual Studio Solution File, Format Version 12.00
Project("{2150E333-8FDC-42A3-9474-1A3956D46DE8}") = "src", "src", "{CF0320D1-7857-4F9E-8460-C2518D8D4331}"
EndProject
Project("{FAE04EC0-301F-11D3-BF4B-00C04F79EFBC}") = "MyApp", "src\MyApp\MyApp.csproj", "{D3BB6FC9-F4B4-452A-82F0-B71084AC1BE3}"
EndProject
Global
	GlobalSection(SolutionConfigurationPlatforms) = preSolution
		Debug|Any CPU = Debug|Any CPU
		Release|Any CPU = Release|Any CPU
	EndGlobalSection
	GlobalSection(NestedProjects) = preSolution
		{D3BB6FC9-F4B4-452A-82F0-B71084AC1BE3} = {CF0320D1-7857-4F9E-8460-C2518D8D4331}
	EndGlobalSection
	GlobalSection(ProjectConfigurationPlatforms) = postSolution
		{D3BB6FC9-F4B4-452A-82F0-B71084AC1BE3}.Debug|Any CPU.ActiveCfg = Debug|Any CPU
		{D3BB6FC9-F4B4-452A-82F0-B71084AC1BE3}.Debug|Any CPU.Build.0 = Debug|Any CPU
		{D3BB6FC9-F4B4-452A-82F0-B71084AC1BE3}.Release|Any CPU.ActiveCfg = Release|Any CPU
		{D3BB6FC9-F4B4-452A-82F0-B71084AC1BE3}.Release|Any CPU.Build.0 = Release|Any CPU
	EndGlobalSection
EndGlobal
